
Microsoft Visual Studio Solution File, Format Version 12.00
# Visual Studio 2013
VisualStudioVersion = 12.0.21005.1
MinimumVisualStudioVersion = 10.0.40219.1
Project("{FAE04EC0-301F-11D3-BF4B-00C04F79EFBC}") = "EmployeeService", "EmployeeService\EmployeeService.csproj", "{BF5F0A5A-4D66-4C20-A3F9-C86F59FEFCB8}"
EndProject
Project("{FAE04EC0-301F-11D3-BF4B-00C04F79EFBC}") = "EmployeeDataAccess", "EmployeeDataAccess\EmployeeDataAccess.csproj", "{36B8AFB8-0515-49E5-9503-8C96630B4C65}"
EndProject
Project("{FAE04EC0-301F-11D3-BF4B-00C04F79EFBC}") = "Client1", "Client1\Client1.csproj", "{E4C82109-F38B-46CD-B2C1-12CD0933B13B}"
EndProject
Project("{2150E333-8FDC-42A3-9474-1A3956D46DE8}") = ".nuget", ".nuget", "{4B7772D8-56C6-49C7-8B86-857B15262112}"
	ProjectSection(SolutionItems) = preProject
		.nuget\packages.config = .nuget\packages.config
	EndProjectSection
EndProject
Global
	GlobalSection(SolutionConfigurationPlatforms) = preSolution
		Debug|Any CPU = Debug|Any CPU
		Release|Any CPU = Release|Any CPU
	EndGlobalSection
	GlobalSection(ProjectConfigurationPlatforms) = postSolution
		{BF5F0A5A-4D66-4C20-A3F9-C86F59FEFCB8}.Debug|Any CPU.ActiveCfg = Debug|Any CPU
		{BF5F0A5A-4D66-4C20-A3F9-C86F59FEFCB8}.Debug|Any CPU.Build.0 = Debug|Any CPU
		{BF5F0A5A-4D66-4C20-A3F9-C86F59FEFCB8}.Release|Any CPU.ActiveCfg = Release|Any CPU
		{BF5F0A5A-4D66-4C20-A3F9-C86F59FEFCB8}.Release|Any CPU.Build.0 = Release|Any CPU
		{36B8AFB8-0515-49E5-9503-8C96630B4C65}.Debug|Any CPU.ActiveCfg = Debug|Any CPU
		{36B8AFB8-0515-49E5-9503-8C96630B4C65}.Debug|Any CPU.Build.0 = Debug|Any CPU
		{36B8AFB8-0515-49E5-9503-8C96630B4C65}.Release|Any CPU.ActiveCfg = Release|Any CPU
		{36B8AFB8-0515-49E5-9503-8C96630B4C65}.Release|Any CPU.Build.0 = Release|Any CPU
		{E4C82109-F38B-46CD-B2C1-12CD0933B13B}.Debug|Any CPU.ActiveCfg = Debug|Any CPU
		{E4C82109-F38B-46CD-B2C1-12CD0933B13B}.Debug|Any CPU.Build.0 = Debug|Any CPU
		{E4C82109-F38B-46CD-B2C1-12CD0933B13B}.Release|Any CPU.ActiveCfg = Release|Any CPU
		{E4C82109-F38B-46CD-B2C1-12CD0933B13B}.Release|Any CPU.Build.0 = Release|Any CPU
	EndGlobalSection
	GlobalSection(SolutionProperties) = preSolution
		HideSolutionNode = FALSE
	EndGlobalSection
EndGlobal
